
Microsoft Visual Studio Solution File, Format Version 12.00
# Visual Studio Version 17
VisualStudioVersion = 17.14.36310.24
MinimumVisualStudioVersion = 10.0.40219.1
Project("{FAE04EC0-301F-11D3-BF4B-00C04F79EFBC}") = "OpenApiRefMerger", "src\OpenApiRefMerger\OpenApiRefMerger.csproj", "{4C572091-5707-446C-AE7D-C7506AE68672}"
EndProject
Global
	GlobalSection(SolutionConfigurationPlatforms) = preSolution
		Debug|Any CPU = Debug|Any CPU
		Release|Any CPU = Release|Any CPU
	EndGlobalSection
	GlobalSection(ProjectConfigurationPlatforms) = postSolution
		{4C572091-5707-446C-AE7D-C7506AE68672}.Debug|Any CPU.ActiveCfg = Debug|Any CPU
		{4C572091-5707-446C-AE7D-C7506AE68672}.Debug|Any CPU.Build.0 = Debug|Any CPU
		{4C572091-5707-446C-AE7D-C7506AE68672}.Release|Any CPU.ActiveCfg = Release|Any CPU
		{4C572091-5707-446C-AE7D-C7506AE68672}.Release|Any CPU.Build.0 = Release|Any CPU
	EndGlobalSection
	GlobalSection(SolutionProperties) = preSolution
		HideSolutionNode = FALSE
	EndGlobalSection
	GlobalSection(ExtensibilityGlobals) = postSolution
		SolutionGuid = {609D9506-92D4-4A78-8870-78C8779F8CDF}
	EndGlobalSection
EndGlobal
